
Microsoft Visual Studio Solution File, Format Version 12.00
# Visual Studio Version 16
VisualStudioVersion = 16.0.30114.105
MinimumVisualStudioVersion = 10.0.40219.1
Project("{FAE04EC0-301F-11D3-BF4B-00C04F79EFBC}") = "Lab2_Xam.UWP", "Lab2_Xam\Lab2_Xam.UWP\Lab2_Xam.UWP.csproj", "{EC4CBE28-32FA-42AD-A997-18457EBFC56E}"
EndProject
Project("{FAE04EC0-301F-11D3-BF4B-00C04F79EFBC}") = "Lab2_Xam.Android", "Lab2_Xam\Lab2_Xam.Android\Lab2_Xam.Android.csproj", "{16AE0A01-8D18-4864-8BDE-8B86E3875D6C}"
EndProject
Project("{FAE04EC0-301F-11D3-BF4B-00C04F79EFBC}") = "Lab2_Xam.iOS", "Lab2_Xam\Lab2_Xam.iOS\Lab2_Xam.iOS.csproj", "{E37887DE-9590-4D3D-BE80-BBB258E58601}"
EndProject
Project("{FAE04EC0-301F-11D3-BF4B-00C04F79EFBC}") = "Lab2_Xam", "Lab2_Xam\Lab2_Xam\Lab2_Xam.csproj", "{E59A1AD9-30B7-4EA4-AC15-3575F1009272}"
EndProject
Global
	GlobalSection(SolutionConfigurationPlatforms) = preSolution
		Debug|Any CPU = Debug|Any CPU
		Debug|ARM = Debug|ARM
		Debug|iPhone = Debug|iPhone
		Debug|iPhoneSimulator = Debug|iPhoneSimulator
		Debug|x64 = Debug|x64
		Debug|x86 = Debug|x86
		Release|Any CPU = Release|Any CPU
		Release|ARM = Release|ARM
		Release|iPhone = Release|iPhone
		Release|iPhoneSimulator = Release|iPhoneSimulator
		Release|x64 = Release|x64
		Release|x86 = Release|x86
	EndGlobalSection
	GlobalSection(ProjectConfigurationPlatforms) = postSolution
		{EC4CBE28-32FA-42AD-A997-18457EBFC56E}.Debug|Any CPU.ActiveCfg = Debug|x86
		{EC4CBE28-32FA-42AD-A997-18457EBFC56E}.Debug|Any CPU.Build.0 = Debug|x86
		{EC4CBE28-32FA-42AD-A997-18457EBFC56E}.Debug|Any CPU.Deploy.0 = Debug|x86
		{EC4CBE28-32FA-42AD-A997-18457EBFC56E}.Debug|ARM.ActiveCfg = Debug|ARM
		{EC4CBE28-32FA-42AD-A997-18457EBFC56E}.Debug|ARM.Build.0 = Debug|ARM
		{EC4CBE28-32FA-42AD-A997-18457EBFC56E}.Debug|ARM.Deploy.0 = Debug|ARM
		{EC4CBE28-32FA-42AD-A997-18457EBFC56E}.Debug|iPhone.ActiveCfg = Debug|x86
		{EC4CBE28-32FA-42AD-A997-18457EBFC56E}.Debug|iPhone.Build.0 = Debug|x86
		{EC4CBE28-32FA-42AD-A997-18457EBFC56E}.Debug|iPhone.Deploy.0 = Debug|x86
		{EC4CBE28-32FA-42AD-A997-18457EBFC56E}.Debug|iPhoneSimulator.ActiveCfg = Debug|x86
		{EC4CBE28-32FA-42AD-A997-18457EBFC56E}.Debug|iPhoneSimulator.Build.0 = Debug|x86
		{EC4CBE28-32FA-42AD-A997-18457EBFC56E}.Debug|iPhoneSimulator.Deploy.0 = Debug|x86
		{EC4CBE28-32FA-42AD-A997-18457EBFC56E}.Debug|x64.ActiveCfg = Debug|x64
		{EC4CBE28-32FA-42AD-A997-18457EBFC56E}.Debug|x64.Build.0 = Debug|x64
		{EC4CBE28-32FA-42AD-A997-18457EBFC56E}.Debug|x64.Deploy.0 = Debug|x64
		{EC4CBE28-32FA-42AD-A997-18457EBFC56E}.Debug|x86.ActiveCfg = Debug|x86
		{EC4CBE28-32FA-42AD-A997-18457EBFC56E}.Debug|x86.Build.0 = Debug|x86
		{EC4CBE28-32FA-42AD-A997-18457EBFC56E}.Debug|x86.Deploy.0 = Debug|x86
		{EC4CBE28-32FA-42AD-A997-18457EBFC56E}.Release|Any CPU.ActiveCfg = Release|x86
		{EC4CBE28-32FA-42AD-A997-18457EBFC56E}.Release|Any CPU.Build.0 = Release|x86
		{EC4CBE28-32FA-42AD-A997-18457EBFC56E}.Release|Any CPU.Deploy.0 = Release|x86
		{EC4CBE28-32FA-42AD-A997-18457EBFC56E}.Release|ARM.ActiveCfg = Release|ARM
		{EC4CBE28-32FA-42AD-A997-18457EBFC56E}.Release|ARM.Build.0 = Release|ARM
		{EC4CBE28-32FA-42AD-A997-18457EBFC56E}.Release|ARM.Deploy.0 = Release|ARM
		{EC4CBE28-32FA-42AD-A997-18457EBFC56E}.Release|iPhone.ActiveCfg = Release|x86
		{EC4CBE28-32FA-42AD-A997-18457EBFC56E}.Release|iPhone.Build.0 = Release|x86
		{EC4CBE28-32FA-42AD-A997-18457EBFC56E}.Release|iPhone.Deploy.0 = Release|x86
		{EC4CBE28-32FA-42AD-A997-18457EBFC56E}.Release|iPhoneSimulator.ActiveCfg = Release|x86
		{EC4CBE28-32FA-42AD-A997-18457EBFC56E}.Release|iPhoneSimulator.Build.0 = Release|x86
		{EC4CBE28-32FA-42AD-A997-18457EBFC56E}.Release|iPhoneSimulator.Deploy.0 = Release|x86
		{EC4CBE28-32FA-42AD-A997-18457EBFC56E}.Release|x64.ActiveCfg = Release|x64
		{EC4CBE28-32FA-42AD-A997-18457EBFC56E}.Release|x64.Build.0 = Release|x64
		{EC4CBE28-32FA-42AD-A997-18457EBFC56E}.Release|x64.Deploy.0 = Release|x64
		{EC4CBE28-32FA-42AD-A997-18457EBFC56E}.Release|x86.ActiveCfg = Release|x86
		{EC4CBE28-32FA-42AD-A997-18457EBFC56E}.Release|x86.Build.0 = Release|x86
		{EC4CBE28-32FA-42AD-A997-18457EBFC56E}.Release|x86.Deploy.0 = Release|x86
		{16AE0A01-8D18-4864-8BDE-8B86E3875D6C}.Debug|Any CPU.ActiveCfg = Debug|Any CPU
		{16AE0A01-8D18-4864-8BDE-8B86E3875D6C}.Debug|Any CPU.Build.0 = Debug|Any CPU
		{16AE0A01-8D18-4864-8BDE-8B86E3875D6C}.Debug|Any CPU.Deploy.0 = Debug|Any CPU
		{16AE0A01-8D18-4864-8BDE-8B86E3875D6C}.Debug|ARM.ActiveCfg = Debug|Any CPU
		{16AE0A01-8D18-4864-8BDE-8B86E3875D6C}.Debug|ARM.Build.0 = Debug|Any CPU
		{16AE0A01-8D18-4864-8BDE-8B86E3875D6C}.Debug|ARM.Deploy.0 = Debug|Any CPU
		{16AE0A01-8D18-4864-8BDE-8B86E3875D6C}.Debug|iPhone.ActiveCfg = Debug|Any CPU
		{16AE0A01-8D18-4864-8BDE-8B86E3875D6C}.Debug|iPhone.Build.0 = Debug|Any CPU
		{16AE0A01-8D18-4864-8BDE-8B86E3875D6C}.Debug|iPhone.Deploy.0 = Debug|Any CPU
		{16AE0A01-8D18-4864-8BDE-8B86E3875D6C}.Debug|iPhoneSimulator.ActiveCfg = Debug|Any CPU
		{16AE0A01-8D18-4864-8BDE-8B86E3875D6C}.Debug|iPhoneSimulator.Build.0 = Debug|Any CPU
		{16AE0A01-8D18-4864-8BDE-8B86E3875D6C}.Debug|iPhoneSimulator.Deploy.0 = Debug|Any CPU
		{16AE0A01-8D18-4864-8BDE-8B86E3875D6C}.Debug|x64.ActiveCfg = Debug|Any CPU
		{16AE0A01-8D18-4864-8BDE-8B86E3875D6C}.Debug|x64.Build.0 = Debug|Any CPU
		{16AE0A01-8D18-4864-8BDE-8B86E3875D6C}.Debug|x64.Deploy.0 = Debug|Any CPU
		{16AE0A01-8D18-4864-8BDE-8B86E3875D6C}.Debug|x86.ActiveCfg = Debug|Any CPU
		{16AE0A01-8D18-4864-8BDE-8B86E3875D6C}.Debug|x86.Build.0 = Debug|Any CPU
		{16AE0A01-8D18-4864-8BDE-8B86E3875D6C}.Debug|x86.Deploy.0 = Debug|Any CPU
		{16AE0A01-8D18-4864-8BDE-8B86E3875D6C}.Release|Any CPU.ActiveCfg = Release|Any CPU
		{16AE0A01-8D18-4864-8BDE-8B86E3875D6C}.Release|Any CPU.Build.0 = Release|Any CPU
		{16AE0A01-8D18-4864-8BDE-8B86E3875D6C}.Release|Any CPU.Deploy.0 = Release|Any CPU
		{16AE0A01-8D18-4864-8BDE-8B86E3875D6C}.Release|ARM.ActiveCfg = Release|Any CPU
		{16AE0A01-8D18-4864-8BDE-8B86E3875D6C}.Release|ARM.Build.0 = Release|Any CPU
		{16AE0A01-8D18-4864-8BDE-8B86E3875D6C}.Release|ARM.Deploy.0 = Release|Any CPU
		{16AE0A01-8D18-4864-8BDE-8B86E3875D6C}.Release|iPhone.ActiveCfg = Release|Any CPU
		{16AE0A01-8D18-4864-8BDE-8B86E3875D6C}.Release|iPhone.Build.0 = Release|Any CPU
		{16AE0A01-8D18-4864-8BDE-8B86E3875D6C}.Release|iPhone.Deploy.0 = Release|Any CPU
		{16AE0A01-8D18-4864-8BDE-8B86E3875D6C}.Release|iPhoneSimulator.ActiveCfg = Release|Any CPU
		{16AE0A01-8D18-4864-8BDE-8B86E3875D6C}.Release|iPhoneSimulator.Build.0 = Release|Any CPU
		{16AE0A01-8D18-4864-8BDE-8B86E3875D6C}.Release|iPhoneSimulator.Deploy.0 = Release|Any CPU
		{16AE0A01-8D18-4864-8BDE-8B86E3875D6C}.Release|x64.ActiveCfg = Release|Any CPU
		{16AE0A01-8D18-4864-8BDE-8B86E3875D6C}.Release|x64.Build.0 = Release|Any CPU
		{16AE0A01-8D18-4864-8BDE-8B86E3875D6C}.Release|x64.Deploy.0 = Release|Any CPU
		{16AE0A01-8D18-4864-8BDE-8B86E3875D6C}.Release|x86.ActiveCfg = Release|Any CPU
		{16AE0A01-8D18-4864-8BDE-8B86E3875D6C}.Release|x86.Build.0 = Release|Any CPU
		{16AE0A01-8D18-4864-8BDE-8B86E3875D6C}.Release|x86.Deploy.0 = Release|Any CPU
		{E37887DE-9590-4D3D-BE80-BBB258E58601}.Debug|Any CPU.ActiveCfg = Debug|iPhone
		{E37887DE-9590-4D3D-BE80-BBB258E58601}.Debug|Any CPU.Build.0 = Debug|iPhone
		{E37887DE-9590-4D3D-BE80-BBB258E58601}.Debug|Any CPU.Deploy.0 = Debug|iPhone
		{E37887DE-9590-4D3D-BE80-BBB258E58601}.Debug|ARM.ActiveCfg = Debug|iPhone
		{E37887DE-9590-4D3D-BE80-BBB258E58601}.Debug|ARM.Build.0 = Debug|iPhone
		{E37887DE-9590-4D3D-BE80-BBB258E58601}.Debug|ARM.Deploy.0 = Debug|iPhone
		{E37887DE-9590-4D3D-BE80-BBB258E58601}.Debug|iPhone.ActiveCfg = Debug|iPhone
		{E37887DE-9590-4D3D-BE80-BBB258E58601}.Debug|iPhone.Build.0 = Debug|iPhone
		{E37887DE-9590-4D3D-BE80-BBB258E58601}.Debug|iPhone.Deploy.0 = Debug|iPhone
		{E37887DE-9590-4D3D-BE80-BBB258E58601}.Debug|iPhoneSimulator.ActiveCfg = Debug|iPhoneSimulator
		{E37887DE-9590-4D3D-BE80-BBB258E58601}.Debug|iPhoneSimulator.Build.0 = Debug|iPhoneSimulator
		{E37887DE-9590-4D3D-BE80-BBB258E58601}.Debug|iPhoneSimulator.Deploy.0 = Debug|iPhoneSimulator
		{E37887DE-9590-4D3D-BE80-BBB258E58601}.Debug|x64.ActiveCfg = Debug|iPhone
		{E37887DE-9590-4D3D-BE80-BBB258E58601}.Debug|x64.Build.0 = Debug|iPhone
		{E37887DE-9590-4D3D-BE80-BBB258E58601}.Debug|x64.Deploy.0 = Debug|iPhone
		{E37887DE-9590-4D3D-BE80-BBB258E58601}.Debug|x86.ActiveCfg = Debug|iPhone
		{E37887DE-9590-4D3D-BE80-BBB258E58601}.Debug|x86.Build.0 = Debug|iPhone
		{E37887DE-9590-4D3D-BE80-BBB258E58601}.Debug|x86.Deploy.0 = Debug|iPhone
		{E37887DE-9590-4D3D-BE80-BBB258E58601}.Release|Any CPU.ActiveCfg = Release|iPhone
		{E37887DE-9590-4D3D-BE80-BBB258E58601}.Release|Any CPU.Build.0 = Release|iPhone
		{E37887DE-9590-4D3D-BE80-BBB258E58601}.Release|Any CPU.Deploy.0 = Release|iPhone
		{E37887DE-9590-4D3D-BE80-BBB258E58601}.Release|ARM.ActiveCfg = Release|iPhone
		{E37887DE-9590-4D3D-BE80-BBB258E58601}.Release|ARM.Build.0 = Release|iPhone
		{E37887DE-9590-4D3D-BE80-BBB258E58601}.Release|ARM.Deploy.0 = Release|iPhone
		{E37887DE-9590-4D3D-BE80-BBB258E58601}.Release|iPhone.ActiveCfg = Release|iPhone
		{E37887DE-9590-4D3D-BE80-BBB258E58601}.Release|iPhone.Build.0 = Release|iPhone
		{E37887DE-9590-4D3D-BE80-BBB258E58601}.Release|iPhone.Deploy.0 = Release|iPhone
		{E37887DE-9590-4D3D-BE80-BBB258E58601}.Release|iPhoneSimulator.ActiveCfg = Release|iPhoneSimulator
		{E37887DE-9590-4D3D-BE80-BBB258E58601}.Release|iPhoneSimulator.Build.0 = Release|iPhoneSimulator
		{E37887DE-9590-4D3D-BE80-BBB258E58601}.Release|iPhoneSimulator.Deploy.0 = Release|iPhoneSimulator
		{E37887DE-9590-4D3D-BE80-BBB258E58601}.Release|x64.ActiveCfg = Release|iPhone
		{E37887DE-9590-4D3D-BE80-BBB258E58601}.Release|x64.Build.0 = Release|iPhone
		{E37887DE-9590-4D3D-BE80-BBB258E58601}.Release|x64.Deploy.0 = Release|iPhone
		{E37887DE-9590-4D3D-BE80-BBB258E58601}.Release|x86.ActiveCfg = Release|iPhone
		{E37887DE-9590-4D3D-BE80-BBB258E58601}.Release|x86.Build.0 = Release|iPhone
		{E37887DE-9590-4D3D-BE80-BBB258E58601}.Release|x86.Deploy.0 = Release|iPhone
		{E59A1AD9-30B7-4EA4-AC15-3575F1009272}.Debug|Any CPU.ActiveCfg = Debug|Any CPU
		{E59A1AD9-30B7-4EA4-AC15-3575F1009272}.Debug|Any CPU.Build.0 = Debug|Any CPU
		{E59A1AD9-30B7-4EA4-AC15-3575F1009272}.Debug|Any CPU.Deploy.0 = Debug|Any CPU
		{E59A1AD9-30B7-4EA4-AC15-3575F1009272}.Debug|ARM.ActiveCfg = Debug|Any CPU
		{E59A1AD9-30B7-4EA4-AC15-3575F1009272}.Debug|ARM.Build.0 = Debug|Any CPU
		{E59A1AD9-30B7-4EA4-AC15-3575F1009272}.Debug|ARM.Deploy.0 = Debug|Any CPU
		{E59A1AD9-30B7-4EA4-AC15-3575F1009272}.Debug|iPhone.ActiveCfg = Debug|Any CPU
		{E59A1AD9-30B7-4EA4-AC15-3575F1009272}.Debug|iPhone.Build.0 = Debug|Any CPU
		{E59A1AD9-30B7-4EA4-AC15-3575F1009272}.Debug|iPhone.Deploy.0 = Debug|Any CPU
		{E59A1AD9-30B7-4EA4-AC15-3575F1009272}.Debug|iPhoneSimulator.ActiveCfg = Debug|Any CPU
		{E59A1AD9-30B7-4EA4-AC15-3575F1009272}.Debug|iPhoneSimulator.Build.0 = Debug|Any CPU
		{E59A1AD9-30B7-4EA4-AC15-3575F1009272}.Debug|iPhoneSimulator.Deploy.0 = Debug|Any CPU
		{E59A1AD9-30B7-4EA4-AC15-3575F1009272}.Debug|x64.ActiveCfg = Debug|Any CPU
		{E59A1AD9-30B7-4EA4-AC15-3575F1009272}.Debug|x64.Build.0 = Debug|Any CPU
		{E59A1AD9-30B7-4EA4-AC15-3575F1009272}.Debug|x64.Deploy.0 = Debug|Any CPU
		{E59A1AD9-30B7-4EA4-AC15-3575F1009272}.Debug|x86.ActiveCfg = Debug|Any CPU
		{E59A1AD9-30B7-4EA4-AC15-3575F1009272}.Debug|x86.Build.0 = Debug|Any CPU
		{E59A1AD9-30B7-4EA4-AC15-3575F1009272}.Debug|x86.Deploy.0 = Debug|Any CPU
		{E59A1AD9-30B7-4EA4-AC15-3575F1009272}.Release|Any CPU.ActiveCfg = Release|Any CPU
		{E59A1AD9-30B7-4EA4-AC15-3575F1009272}.Release|Any CPU.Build.0 = Release|Any CPU
		{E59A1AD9-30B7-4EA4-AC15-3575F1009272}.Release|Any CPU.Deploy.0 = Release|Any CPU
		{E59A1AD9-30B7-4EA4-AC15-3575F1009272}.Release|ARM.ActiveCfg = Release|Any CPU
		{E59A1AD9-30B7-4EA4-AC15-3575F1009272}.Release|ARM.Build.0 = Release|Any CPU
		{E59A1AD9-30B7-4EA4-AC15-3575F1009272}.Release|ARM.Deploy.0 = Release|Any CPU
		{E59A1AD9-30B7-4EA4-AC15-3575F1009272}.Release|iPhone.ActiveCfg = Release|Any CPU
		{E59A1AD9-30B7-4EA4-AC15-3575F1009272}.Release|iPhone.Build.0 = Release|Any CPU
		{E59A1AD9-30B7-4EA4-AC15-3575F1009272}.Release|iPhone.Deploy.0 = Release|Any CPU
		{E59A1AD9-30B7-4EA4-AC15-3575F1009272}.Release|iPhoneSimulator.ActiveCfg = Release|Any CPU
		{E59A1AD9-30B7-4EA4-AC15-3575F1009272}.Release|iPhoneSimulator.Build.0 = Release|Any CPU
		{E59A1AD9-30B7-4EA4-AC15-3575F1009272}.Release|iPhoneSimulator.Deploy.0 = Release|Any CPU
		{E59A1AD9-30B7-4EA4-AC15-3575F1009272}.Release|x64.ActiveCfg = Release|Any CPU
		{E59A1AD9-30B7-4EA4-AC15-3575F1009272}.Release|x64.Build.0 = Release|Any CPU
		{E59A1AD9-30B7-4EA4-AC15-3575F1009272}.Release|x64.Deploy.0 = Release|Any CPU
		{E59A1AD9-30B7-4EA4-AC15-3575F1009272}.Release|x86.ActiveCfg = Release|Any CPU
		{E59A1AD9-30B7-4EA4-AC15-3575F1009272}.Release|x86.Build.0 = Release|Any CPU
		{E59A1AD9-30B7-4EA4-AC15-3575F1009272}.Release|x86.Deploy.0 = Release|Any CPU
	EndGlobalSection
	GlobalSection(SolutionProperties) = preSolution
		HideSolutionNode = FALSE
	EndGlobalSection
	GlobalSection(ExtensibilityGlobals) = postSolution
		SolutionGuid = {FBAA9B4A-A488-4770-AD04-841335CDCDBB}
	EndGlobalSection
EndGlobal
